// !$*UTF8*$!
{
	archiveVersion = 1;
	classes = {
	};
	objectVersion = 55;
	objects = {

/* Begin PBXBuildFile section */
		669C16D528A3E5C400D2C45A /* iTunes_SeachApp.swift in Sources */ = {isa = PBXBuildFile; fileRef = 669C16D428A3E5C400D2C45A /* iTunes_SeachApp.swift */; };
		669C16D728A3E5C400D2C45A /* ContentView.swift in Sources */ = {isa = PBXBuildFile; fileRef = 669C16D628A3E5C400D2C45A /* ContentView.swift */; };
		669C16D928A3E5C400D2C45A /* Assets.xcassets in Resources */ = {isa = PBXBuildFile; fileRef = 669C16D828A3E5C400D2C45A /* Assets.xcassets */; };
		669C16DC28A3E5C400D2C45A /* Preview Assets.xcassets in Resources */ = {isa = PBXBuildFile; fileRef = 669C16DB28A3E5C400D2C45A /* Preview Assets.xcassets */; };
		669C16E628A3E61200D2C45A /* Album.swift in Sources */ = {isa = PBXBuildFile; fileRef = 669C16E528A3E61200D2C45A /* Album.swift */; };
		669C16E828A3E69500D2C45A /* AlbumListViewModel.swift in Sources */ = {isa = PBXBuildFile; fileRef = 669C16E728A3E69500D2C45A /* AlbumListViewModel.swift */; };
		669C16EA28A3EB6300D2C45A /* Song.swift in Sources */ = {isa = PBXBuildFile; fileRef = 669C16E928A3EB6300D2C45A /* Song.swift */; };
		669C16EC28A3EB6900D2C45A /* Movie.swift in Sources */ = {isa = PBXBuildFile; fileRef = 669C16EB28A3EB6900D2C45A /* Movie.swift */; };
		669C16EE28A3EFA400D2C45A /* AlbumListView.swift in Sources */ = {isa = PBXBuildFile; fileRef = 669C16ED28A3EFA400D2C45A /* AlbumListView.swift */; };
		669C16F028A4284E00D2C45A /* AlbumSearchView.swift in Sources */ = {isa = PBXBuildFile; fileRef = 669C16EF28A4284E00D2C45A /* AlbumSearchView.swift */; };
		669C16F228A43AA900D2C45A /* APIError.swift in Sources */ = {isa = PBXBuildFile; fileRef = 669C16F128A43AA900D2C45A /* APIError.swift */; };
		669C16F428A4458D00D2C45A /* APIService.swift in Sources */ = {isa = PBXBuildFile; fileRef = 669C16F328A4458D00D2C45A /* APIService.swift */; };
		669C16F628A44B4500D2C45A /* FetchState.swift in Sources */ = {isa = PBXBuildFile; fileRef = 669C16F528A44B4500D2C45A /* FetchState.swift */; };
		669C16F828A44DEE00D2C45A /* MovieListViewModel.swift in Sources */ = {isa = PBXBuildFile; fileRef = 669C16F728A44DEE00D2C45A /* MovieListViewModel.swift */; };
		669C16FA28A44E4E00D2C45A /* SongListViewModel.swift in Sources */ = {isa = PBXBuildFile; fileRef = 669C16F928A44E4E00D2C45A /* SongListViewModel.swift */; };
		669C16FF28A452C500D2C45A /* MovieListView.swift in Sources */ = {isa = PBXBuildFile; fileRef = 669C16FE28A452C500D2C45A /* MovieListView.swift */; };
		669C170128A4549B00D2C45A /* MovieSearchView.swift in Sources */ = {isa = PBXBuildFile; fileRef = 669C170028A4549B00D2C45A /* MovieSearchView.swift */; };
/* End PBXBuildFile section */

/* Begin PBXFileReference section */
		669C16D128A3E5C400D2C45A /* iTunes Seach.app */ = {isa = PBXFileReference; explicitFileType = wrapper.application; includeInIndex = 0; path = "iTunes Seach.app"; sourceTree = BUILT_PRODUCTS_DIR; };
		669C16D428A3E5C400D2C45A /* iTunes_SeachApp.swift */ = {isa = PBXFileReference; lastKnownFileType = sourcecode.swift; path = iTunes_SeachApp.swift; sourceTree = "<group>"; };
		669C16D628A3E5C400D2C45A /* ContentView.swift */ = {isa = PBXFileReference; lastKnownFileType = sourcecode.swift; path = ContentView.swift; sourceTree = "<group>"; };
		669C16D828A3E5C400D2C45A /* Assets.xcassets */ = {isa = PBXFileReference; lastKnownFileType = folder.assetcatalog; path = Assets.xcassets; sourceTree = "<group>"; };
		669C16DB28A3E5C400D2C45A /* Preview Assets.xcassets */ = {isa = PBXFileReference; lastKnownFileType = folder.assetcatalog; path = "Preview Assets.xcassets"; sourceTree = "<group>"; };
		669C16E528A3E61200D2C45A /* Album.swift */ = {isa = PBXFileReference; lastKnownFileType = sourcecode.swift; path = Album.swift; sourceTree = "<group>"; };
		669C16E728A3E69500D2C45A /* AlbumListViewModel.swift */ = {isa = PBXFileReference; lastKnownFileType = sourcecode.swift; path = AlbumListViewModel.swift; sourceTree = "<group>"; };
		669C16E928A3EB6300D2C45A /* Song.swift */ = {isa = PBXFileReference; lastKnownFileType = sourcecode.swift; path = Song.swift; sourceTree = "<group>"; };
		669C16EB28A3EB6900D2C45A /* Movie.swift */ = {isa = PBXFileReference; lastKnownFileType = sourcecode.swift; path = Movie.swift; sourceTree = "<group>"; };
		669C16ED28A3EFA400D2C45A /* AlbumListView.swift */ = {isa = PBXFileReference; lastKnownFileType = sourcecode.swift; path = AlbumListView.swift; sourceTree = "<group>"; };
		669C16EF28A4284E00D2C45A /* AlbumSearchView.swift */ = {isa = PBXFileReference; lastKnownFileType = sourcecode.swift; path = AlbumSearchView.swift; sourceTree = "<group>"; };
		669C16F128A43AA900D2C45A /* APIError.swift */ = {isa = PBXFileReference; lastKnownFileType = sourcecode.swift; path = APIError.swift; sourceTree = "<group>"; };
		669C16F328A4458D00D2C45A /* APIService.swift */ = {isa = PBXFileReference; lastKnownFileType = sourcecode.swift; path = APIService.swift; sourceTree = "<group>"; };
		669C16F528A44B4500D2C45A /* FetchState.swift */ = {isa = PBXFileReference; lastKnownFileType = sourcecode.swift; path = FetchState.swift; sourceTree = "<group>"; };
		669C16F728A44DEE00D2C45A /* MovieListViewModel.swift */ = {isa = PBXFileReference; lastKnownFileType = sourcecode.swift; path = MovieListViewModel.swift; sourceTree = "<group>"; };
		669C16F928A44E4E00D2C45A /* SongListViewModel.swift */ = {isa = PBXFileReference; lastKnownFileType = sourcecode.swift; path = SongListViewModel.swift; sourceTree = "<group>"; };
		669C16FE28A452C500D2C45A /* MovieListView.swift */ = {isa = PBXFileReference; lastKnownFileType = sourcecode.swift; path = MovieListView.swift; sourceTree = "<group>"; };
		669C170028A4549B00D2C45A /* MovieSearchView.swift */ = {isa = PBXFileReference; lastKnownFileType = sourcecode.swift; path = MovieSearchView.swift; sourceTree = "<group>"; };
/* End PBXFileReference section */

/* Begin PBXFrameworksBuildPhase section */
		669C16CE28A3E5C400D2C45A /* Frameworks */ = {
			isa = PBXFrameworksBuildPhase;
			buildActionMask = 2147483647;
			files = (
			);
			runOnlyForDeploymentPostprocessing = 0;
		};
/* End PBXFrameworksBuildPhase section */

/* Begin PBXGroup section */
		669C16C828A3E5C400D2C45A = {
			isa = PBXGroup;
			children = (
				669C16D328A3E5C400D2C45A /* iTunes Seach */,
				669C16D228A3E5C400D2C45A /* Products */,
			);
			sourceTree = "<group>";
		};
		669C16D228A3E5C400D2C45A /* Products */ = {
			isa = PBXGroup;
			children = (
				669C16D128A3E5C400D2C45A /* iTunes Seach.app */,
			);
			name = Products;
			sourceTree = "<group>";
		};
		669C16D328A3E5C400D2C45A /* iTunes Seach */ = {
			isa = PBXGroup;
			children = (
				669C16D428A3E5C400D2C45A /* iTunes_SeachApp.swift */,
				669C16D628A3E5C400D2C45A /* ContentView.swift */,
				669C16E428A3E60500D2C45A /* Models */,
				669C16E328A3E5E500D2C45A /* View Model */,
				669C16E228A3E5DA00D2C45A /* Views */,
				669C16D828A3E5C400D2C45A /* Assets.xcassets */,
				669C16DA28A3E5C400D2C45A /* Preview Content */,
			);
			path = "iTunes Seach";
			sourceTree = "<group>";
		};
		669C16DA28A3E5C400D2C45A /* Preview Content */ = {
			isa = PBXGroup;
			children = (
				669C16DB28A3E5C400D2C45A /* Preview Assets.xcassets */,
			);
			path = "Preview Content";
			sourceTree = "<group>";
		};
		669C16E228A3E5DA00D2C45A /* Views */ = {
			isa = PBXGroup;
			children = (
				669C16FD28A452AF00D2C45A /* Movie */,
				669C16FC28A452A300D2C45A /* Album */,
			);
			path = Views;
			sourceTree = "<group>";
		};
		669C16E328A3E5E500D2C45A /* View Model */ = {
			isa = PBXGroup;
			children = (
				669C16E728A3E69500D2C45A /* AlbumListViewModel.swift */,
				669C16F728A44DEE00D2C45A /* MovieListViewModel.swift */,
				669C16F928A44E4E00D2C45A /* SongListViewModel.swift */,
				669C16F328A4458D00D2C45A /* APIService.swift */,
			);
			path = "View Model";
			sourceTree = "<group>";
		};
		669C16E428A3E60500D2C45A /* Models */ = {
			isa = PBXGroup;
			children = (
				669C16E528A3E61200D2C45A /* Album.swift */,
				669C16E928A3EB6300D2C45A /* Song.swift */,
				669C16EB28A3EB6900D2C45A /* Movie.swift */,
				669C16F128A43AA900D2C45A /* APIError.swift */,
				669C16F528A44B4500D2C45A /* FetchState.swift */,
			);
			path = Models;
			sourceTree = "<group>";
		};
		669C16FC28A452A300D2C45A /* Album */ = {
			isa = PBXGroup;
			children = (
				669C16ED28A3EFA400D2C45A /* AlbumListView.swift */,
				669C16EF28A4284E00D2C45A /* AlbumSearchView.swift */,
			);
			path = Album;
			sourceTree = "<group>";
		};
		669C16FD28A452AF00D2C45A /* Movie */ = {
			isa = PBXGroup;
			children = (
				669C16FE28A452C500D2C45A /* MovieListView.swift */,
				669C170028A4549B00D2C45A /* MovieSearchView.swift */,
			);
			path = Movie;
			sourceTree = "<group>";
		};
/* End PBXGroup section */

/* Begin PBXNativeTarget section */
		669C16D028A3E5C400D2C45A /* iTunes Seach */ = {
			isa = PBXNativeTarget;
			buildConfigurationList = 669C16DF28A3E5C400D2C45A /* Build configuration list for PBXNativeTarget "iTunes Seach" */;
			buildPhases = (
				669C16CD28A3E5C400D2C45A /* Sources */,
				669C16CE28A3E5C400D2C45A /* Frameworks */,
				669C16CF28A3E5C400D2C45A /* Resources */,
			);
			buildRules = (
			);
			dependencies = (
			);
			name = "iTunes Seach";
			productName = "iTunes Seach";
			productReference = 669C16D128A3E5C400D2C45A /* iTunes Seach.app */;
			productType = "com.apple.product-type.application";
		};
/* End PBXNativeTarget section */

/* Begin PBXProject section */
		669C16C928A3E5C400D2C45A /* Project object */ = {
			isa = PBXProject;
			attributes = {
				BuildIndependentTargetsInParallel = 1;
				LastSwiftUpdateCheck = 1340;
				LastUpgradeCheck = 1340;
				TargetAttributes = {
					669C16D028A3E5C400D2C45A = {
						CreatedOnToolsVersion = 13.4.1;
					};
				};
			};
			buildConfigurationList = 669C16CC28A3E5C400D2C45A /* Build configuration list for PBXProject "iTunes Seach" */;
			compatibilityVersion = "Xcode 13.0";
			developmentRegion = en;
			hasScannedForEncodings = 0;
			knownRegions = (
				en,
				Base,
			);
			mainGroup = 669C16C828A3E5C400D2C45A;
			productRefGroup = 669C16D228A3E5C400D2C45A /* Products */;
			projectDirPath = "";
			projectRoot = "";
			targets = (
				669C16D028A3E5C400D2C45A /* iTunes Seach */,
			);
		};
/* End PBXProject section */

/* Begin PBXResourcesBuildPhase section */
		669C16CF28A3E5C400D2C45A /* Resources */ = {
			isa = PBXResourcesBuildPhase;
			buildActionMask = 2147483647;
			files = (
				669C16DC28A3E5C400D2C45A /* Preview Assets.xcassets in Resources */,
				669C16D928A3E5C400D2C45A /* Assets.xcassets in Resources */,
			);
			runOnlyForDeploymentPostprocessing = 0;
		};
/* End PBXResourcesBuildPhase section */

/* Begin PBXSourcesBuildPhase section */
		669C16CD28A3E5C400D2C45A /* Sources */ = {
			isa = PBXSourcesBuildPhase;
			buildActionMask = 2147483647;
			files = (
				669C16E828A3E69500D2C45A /* AlbumListViewModel.swift in Sources */,
				669C16FF28A452C500D2C45A /* MovieListView.swift in Sources */,
				669C16F628A44B4500D2C45A /* FetchState.swift in Sources */,
				669C16D728A3E5C400D2C45A /* ContentView.swift in Sources */,
				669C16F028A4284E00D2C45A /* AlbumSearchView.swift in Sources */,
				669C16EC28A3EB6900D2C45A /* Movie.swift in Sources */,
				669C16D528A3E5C400D2C45A /* iTunes_SeachApp.swift in Sources */,
				669C16E628A3E61200D2C45A /* Album.swift in Sources */,
				669C16F428A4458D00D2C45A /* APIService.swift in Sources */,
				669C16FA28A44E4E00D2C45A /* SongListViewModel.swift in Sources */,
				669C16EA28A3EB6300D2C45A /* Song.swift in Sources */,
				669C16EE28A3EFA400D2C45A /* AlbumListView.swift in Sources */,
				669C16F228A43AA900D2C45A /* APIError.swift in Sources */,
				669C16F828A44DEE00D2C45A /* MovieListViewModel.swift in Sources */,
				669C170128A4549B00D2C45A /* MovieSearchView.swift in Sources */,
			);
			runOnlyForDeploymentPostprocessing = 0;
		};
/* End PBXSourcesBuildPhase section */

/* Begin XCBuildConfiguration section */
		669C16DD28A3E5C400D2C45A /* Debug */ = {
			isa = XCBuildConfiguration;
			buildSettings = {
				ALWAYS_SEARCH_USER_PATHS = NO;
				CLANG_ANALYZER_NONNULL = YES;
				CLANG_ANALYZER_NUMBER_OBJECT_CONVERSION = YES_AGGRESSIVE;
				CLANG_CXX_LANGUAGE_STANDARD = "gnu++17";
				CLANG_ENABLE_MODULES = YES;
				CLANG_ENABLE_OBJC_ARC = YES;
				CLANG_ENABLE_OBJC_WEAK = YES;
				CLANG_WARN_BLOCK_CAPTURE_AUTORELEASING = YES;
				CLANG_WARN_BOOL_CONVERSION = YES;
				CLANG_WARN_COMMA = YES;
				CLANG_WARN_CONSTANT_CONVERSION = YES;
				CLANG_WARN_DEPRECATED_OBJC_IMPLEMENTATIONS = YES;
				CLANG_WARN_DIRECT_OBJC_ISA_USAGE = YES_ERROR;
				CLANG_WARN_DOCUMENTATION_COMMENTS = YES;
				CLANG_WARN_EMPTY_BODY = YES;
				CLANG_WARN_ENUM_CONVERSION = YES;
				CLANG_WARN_INFINITE_RECURSION = YES;
				CLANG_WARN_INT_CONVERSION = YES;
				CLANG_WARN_NON_LITERAL_NULL_CONVERSION = YES;
				CLANG_WARN_OBJC_IMPLICIT_RETAIN_SELF = YES;
				CLANG_WARN_OBJC_LITERAL_CONVERSION = YES;
				CLANG_WARN_OBJC_ROOT_CLASS = YES_ERROR;
				CLANG_WARN_QUOTED_INCLUDE_IN_FRAMEWORK_HEADER = YES;
				CLANG_WARN_RANGE_LOOP_ANALYSIS = YES;
				CLANG_WARN_STRICT_PROTOTYPES = YES;
				CLANG_WARN_SUSPICIOUS_MOVE = YES;
				CLANG_WARN_UNGUARDED_AVAILABILITY = YES_AGGRESSIVE;
				CLANG_WARN_UNREACHABLE_CODE = YES;
				CLANG_WARN__DUPLICATE_METHOD_MATCH = YES;
				COPY_PHASE_STRIP = NO;
				DEBUG_INFORMATION_FORMAT = dwarf;
				ENABLE_STRICT_OBJC_MSGSEND = YES;
				ENABLE_TESTABILITY = YES;
				GCC_C_LANGUAGE_STANDARD = gnu11;
				GCC_DYNAMIC_NO_PIC = NO;
				GCC_NO_COMMON_BLOCKS = YES;
				GCC_OPTIMIZATION_LEVEL = 0;
				GCC_PREPROCESSOR_DEFINITIONS = (
					"DEBUG=1",
					"$(inherited)",
				);
				GCC_WARN_64_TO_32_BIT_CONVERSION = YES;
				GCC_WARN_ABOUT_RETURN_TYPE = YES_ERROR;
				GCC_WARN_UNDECLARED_SELECTOR = YES;
				GCC_WARN_UNINITIALIZED_AUTOS = YES_AGGRESSIVE;
				GCC_WARN_UNUSED_FUNCTION = YES;
				GCC_WARN_UNUSED_VARIABLE = YES;
				IPHONEOS_DEPLOYMENT_TARGET = 15.5;
				MTL_ENABLE_DEBUG_INFO = INCLUDE_SOURCE;
				MTL_FAST_MATH = YES;
				ONLY_ACTIVE_ARCH = YES;
				SDKROOT = iphoneos;
				SWIFT_ACTIVE_COMPILATION_CONDITIONS = DEBUG;
				SWIFT_OPTIMIZATION_LEVEL = "-Onone";
			};
			name = Debug;
		};
		669C16DE28A3E5C400D2C45A /* Release */ = {
			isa = XCBuildConfiguration;
			buildSettings = {
				ALWAYS_SEARCH_USER_PATHS = NO;
				CLANG_ANALYZER_NONNULL = YES;
				CLANG_ANALYZER_NUMBER_OBJECT_CONVERSION = YES_AGGRESSIVE;
				CLANG_CXX_LANGUAGE_STANDARD = "gnu++17";
				CLANG_ENABLE_MODULES = YES;
				CLANG_ENABLE_OBJC_ARC = YES;
				CLANG_ENABLE_OBJC_WEAK = YES;
				CLANG_WARN_BLOCK_CAPTURE_AUTORELEASING = YES;
				CLANG_WARN_BOOL_CONVERSION = YES;
				CLANG_WARN_COMMA = YES;
				CLANG_WARN_CONSTANT_CONVERSION = YES;
				CLANG_WARN_DEPRECATED_OBJC_IMPLEMENTATIONS = YES;
				CLANG_WARN_DIRECT_OBJC_ISA_USAGE = YES_ERROR;
				CLANG_WARN_DOCUMENTATION_COMMENTS = YES;
				CLANG_WARN_EMPTY_BODY = YES;
				CLANG_WARN_ENUM_CONVERSION = YES;
				CLANG_WARN_INFINITE_RECURSION = YES;
				CLANG_WARN_INT_CONVERSION = YES;
				CLANG_WARN_NON_LITERAL_NULL_CONVERSION = YES;
				CLANG_WARN_OBJC_IMPLICIT_RETAIN_SELF = YES;
				CLANG_WARN_OBJC_LITERAL_CONVERSION = YES;
				CLANG_WARN_OBJC_ROOT_CLASS = YES_ERROR;
				CLANG_WARN_QUOTED_INCLUDE_IN_FRAMEWORK_HEADER = YES;
				CLANG_WARN_RANGE_LOOP_ANALYSIS = YES;
				CLANG_WARN_STRICT_PROTOTYPES = YES;
				CLANG_WARN_SUSPICIOUS_MOVE = YES;
				CLANG_WARN_UNGUARDED_AVAILABILITY = YES_AGGRESSIVE;
				CLANG_WARN_UNREACHABLE_CODE = YES;
				CLANG_WARN__DUPLICATE_METHOD_MATCH = YES;
				COPY_PHASE_STRIP = NO;
				DEBUG_INFORMATION_FORMAT = "dwarf-with-dsym";
				ENABLE_NS_ASSERTIONS = NO;
				ENABLE_STRICT_OBJC_MSGSEND = YES;
				GCC_C_LANGUAGE_STANDARD = gnu11;
				GCC_NO_COMMON_BLOCKS = YES;
				GCC_WARN_64_TO_32_BIT_CONVERSION = YES;
				GCC_WARN_ABOUT_RETURN_TYPE = YES_ERROR;
				GCC_WARN_UNDECLARED_SELECTOR = YES;
				GCC_WARN_UNINITIALIZED_AUTOS = YES_AGGRESSIVE;
				GCC_WARN_UNUSED_FUNCTION = YES;
				GCC_WARN_UNUSED_VARIABLE = YES;
				IPHONEOS_DEPLOYMENT_TARGET = 15.5;
				MTL_ENABLE_DEBUG_INFO = NO;
				MTL_FAST_MATH = YES;
				SDKROOT = iphoneos;
				SWIFT_COMPILATION_MODE = wholemodule;
				SWIFT_OPTIMIZATION_LEVEL = "-O";
				VALIDATE_PRODUCT = YES;
			};
			name = Release;
		};
		669C16E028A3E5C400D2C45A /* Debug */ = {
			isa = XCBuildConfiguration;
			buildSettings = {
				ASSETCATALOG_COMPILER_APPICON_NAME = AppIcon;
				ASSETCATALOG_COMPILER_GLOBAL_ACCENT_COLOR_NAME = AccentColor;
				CODE_SIGN_STYLE = Automatic;
				CURRENT_PROJECT_VERSION = 1;
				DEVELOPMENT_ASSET_PATHS = "\"iTunes Seach/Preview Content\"";
				DEVELOPMENT_TEAM = SVT2GB99S9;
				ENABLE_PREVIEWS = YES;
				GENERATE_INFOPLIST_FILE = YES;
				INFOPLIST_KEY_UIApplicationSceneManifest_Generation = YES;
				INFOPLIST_KEY_UIApplicationSupportsIndirectInputEvents = YES;
				INFOPLIST_KEY_UILaunchScreen_Generation = YES;
				INFOPLIST_KEY_UISupportedInterfaceOrientations_iPad = "UIInterfaceOrientationPortrait UIInterfaceOrientationPortraitUpsideDown UIInterfaceOrientationLandscapeLeft UIInterfaceOrientationLandscapeRight";
				INFOPLIST_KEY_UISupportedInterfaceOrientations_iPhone = "UIInterfaceOrientationPortrait UIInterfaceOrientationLandscapeLeft UIInterfaceOrientationLandscapeRight";
				LD_RUNPATH_SEARCH_PATHS = (
					"$(inherited)",
					"@executable_path/Frameworks",
				);
				MARKETING_VERSION = 1.0;
				PRODUCT_BUNDLE_IDENTIFIER = "com.MDKSolutions.iTunes-Seach";
				PRODUCT_NAME = "$(TARGET_NAME)";
				SWIFT_EMIT_LOC_STRINGS = YES;
				SWIFT_VERSION = 5.0;
				TARGETED_DEVICE_FAMILY = "1,2";
			};
			name = Debug;
		};
		669C16E128A3E5C400D2C45A /* Release */ = {
			isa = XCBuildConfiguration;
			buildSettings = {
				ASSETCATALOG_COMPILER_APPICON_NAME = AppIcon;
				ASSETCATALOG_COMPILER_GLOBAL_ACCENT_COLOR_NAME = AccentColor;
				CODE_SIGN_STYLE = Automatic;
				CURRENT_PROJECT_VERSION = 1;
				DEVELOPMENT_ASSET_PATHS = "\"iTunes Seach/Preview Content\"";
				DEVELOPMENT_TEAM = SVT2GB99S9;
				ENABLE_PREVIEWS = YES;
				GENERATE_INFOPLIST_FILE = YES;
				INFOPLIST_KEY_UIApplicationSceneManifest_Generation = YES;
				INFOPLIST_KEY_UIApplicationSupportsIndirectInputEvents = YES;
				INFOPLIST_KEY_UILaunchScreen_Generation = YES;
				INFOPLIST_KEY_UISupportedInterfaceOrientations_iPad = "UIInterfaceOrientationPortrait UIInterfaceOrientationPortraitUpsideDown UIInterfaceOrientationLandscapeLeft UIInterfaceOrientationLandscapeRight";
				INFOPLIST_KEY_UISupportedInterfaceOrientations_iPhone = "UIInterfaceOrientationPortrait UIInterfaceOrientationLandscapeLeft UIInterfaceOrientationLandscapeRight";
				LD_RUNPATH_SEARCH_PATHS = (
					"$(inherited)",
					"@executable_path/Frameworks",
				);
				MARKETING_VERSION = 1.0;
				PRODUCT_BUNDLE_IDENTIFIER = "com.MDKSolutions.iTunes-Seach";
				PRODUCT_NAME = "$(TARGET_NAME)";
				SWIFT_EMIT_LOC_STRINGS = YES;
				SWIFT_VERSION = 5.0;
				TARGETED_DEVICE_FAMILY = "1,2";
			};
			name = Release;
		};
/* End XCBuildConfiguration section */

/* Begin XCConfigurationList section */
		669C16CC28A3E5C400D2C45A /* Build configuration list for PBXProject "iTunes Seach" */ = {
			isa = XCConfigurationList;
			buildConfigurations = (
				669C16DD28A3E5C400D2C45A /* Debug */,
				669C16DE28A3E5C400D2C45A /* Release */,
			);
			defaultConfigurationIsVisible = 0;
			defaultConfigurationName = Release;
		};
		669C16DF28A3E5C400D2C45A /* Build configuration list for PBXNativeTarget "iTunes Seach" */ = {
			isa = XCConfigurationList;
			buildConfigurations = (
				669C16E028A3E5C400D2C45A /* Debug */,
				669C16E128A3E5C400D2C45A /* Release */,
			);
			defaultConfigurationIsVisible = 0;
			defaultConfigurationName = Release;
		};
/* End XCConfigurationList section */
	};
	rootObject = 669C16C928A3E5C400D2C45A /* Project object */;
}
